
Microsoft Visual Studio Solution File, Format Version 12.00
# Visual Studio 15
VisualStudioVersion = 15.0.26124.0
MinimumVisualStudioVersion = 15.0.26124.0
Project("{2150E333-8FDC-42A3-9474-1A3956D46DE8}") = "src", "src", "{D436B074-8B79-4F03-BEED-3639B68478D3}"
EndProject
Project("{FAE04EC0-301F-11D3-BF4B-00C04F79EFBC}") = "GradeBook", "src\GradeBook\GradeBook.csproj", "{B59679C9-86FD-4C32-AC3E-866928F6F23A}"
EndProject
Project("{2150E333-8FDC-42A3-9474-1A3956D46DE8}") = "test", "test", "{39554FB7-6CE0-4AFF-B10C-C097465EBA35}"
EndProject
Project("{FAE04EC0-301F-11D3-BF4B-00C04F79EFBC}") = "GradeBook.Test", "test\GradeBook.Test\GradeBook.Test.csproj", "{6B78C1B0-9FEE-4BD1-ABD9-D178084B1E71}"
EndProject
Global
	GlobalSection(SolutionConfigurationPlatforms) = preSolution
		Debug|Any CPU = Debug|Any CPU
		Debug|x64 = Debug|x64
		Debug|x86 = Debug|x86
		Release|Any CPU = Release|Any CPU
		Release|x64 = Release|x64
		Release|x86 = Release|x86
	EndGlobalSection
	GlobalSection(SolutionProperties) = preSolution
		HideSolutionNode = FALSE
	EndGlobalSection
	GlobalSection(ProjectConfigurationPlatforms) = postSolution
		{B59679C9-86FD-4C32-AC3E-866928F6F23A}.Debug|Any CPU.ActiveCfg = Debug|Any CPU
		{B59679C9-86FD-4C32-AC3E-866928F6F23A}.Debug|Any CPU.Build.0 = Debug|Any CPU
		{B59679C9-86FD-4C32-AC3E-866928F6F23A}.Debug|x64.ActiveCfg = Debug|Any CPU
		{B59679C9-86FD-4C32-AC3E-866928F6F23A}.Debug|x64.Build.0 = Debug|Any CPU
		{B59679C9-86FD-4C32-AC3E-866928F6F23A}.Debug|x86.ActiveCfg = Debug|Any CPU
		{B59679C9-86FD-4C32-AC3E-866928F6F23A}.Debug|x86.Build.0 = Debug|Any CPU
		{B59679C9-86FD-4C32-AC3E-866928F6F23A}.Release|Any CPU.ActiveCfg = Release|Any CPU
		{B59679C9-86FD-4C32-AC3E-866928F6F23A}.Release|Any CPU.Build.0 = Release|Any CPU
		{B59679C9-86FD-4C32-AC3E-866928F6F23A}.Release|x64.ActiveCfg = Release|Any CPU
		{B59679C9-86FD-4C32-AC3E-866928F6F23A}.Release|x64.Build.0 = Release|Any CPU
		{B59679C9-86FD-4C32-AC3E-866928F6F23A}.Release|x86.ActiveCfg = Release|Any CPU
		{B59679C9-86FD-4C32-AC3E-866928F6F23A}.Release|x86.Build.0 = Release|Any CPU
		{6B78C1B0-9FEE-4BD1-ABD9-D178084B1E71}.Debug|Any CPU.ActiveCfg = Debug|Any CPU
		{6B78C1B0-9FEE-4BD1-ABD9-D178084B1E71}.Debug|Any CPU.Build.0 = Debug|Any CPU
		{6B78C1B0-9FEE-4BD1-ABD9-D178084B1E71}.Debug|x64.ActiveCfg = Debug|Any CPU
		{6B78C1B0-9FEE-4BD1-ABD9-D178084B1E71}.Debug|x64.Build.0 = Debug|Any CPU
		{6B78C1B0-9FEE-4BD1-ABD9-D178084B1E71}.Debug|x86.ActiveCfg = Debug|Any CPU
		{6B78C1B0-9FEE-4BD1-ABD9-D178084B1E71}.Debug|x86.Build.0 = Debug|Any CPU
		{6B78C1B0-9FEE-4BD1-ABD9-D178084B1E71}.Release|Any CPU.ActiveCfg = Release|Any CPU
		{6B78C1B0-9FEE-4BD1-ABD9-D178084B1E71}.Release|Any CPU.Build.0 = Release|Any CPU
		{6B78C1B0-9FEE-4BD1-ABD9-D178084B1E71}.Release|x64.ActiveCfg = Release|Any CPU
		{6B78C1B0-9FEE-4BD1-ABD9-D178084B1E71}.Release|x64.Build.0 = Release|Any CPU
		{6B78C1B0-9FEE-4BD1-ABD9-D178084B1E71}.Release|x86.ActiveCfg = Release|Any CPU
		{6B78C1B0-9FEE-4BD1-ABD9-D178084B1E71}.Release|x86.Build.0 = Release|Any CPU
	EndGlobalSection
	GlobalSection(NestedProjects) = preSolution
		{B59679C9-86FD-4C32-AC3E-866928F6F23A} = {D436B074-8B79-4F03-BEED-3639B68478D3}
		{6B78C1B0-9FEE-4BD1-ABD9-D178084B1E71} = {39554FB7-6CE0-4AFF-B10C-C097465EBA35}
	EndGlobalSection
EndGlobal
